
Microsoft Visual Studio Solution File, Format Version 12.00
Project("{FAE04EC0-301F-11D3-BF4B-00C04F79EFBC}") = "LttfRating", "LttfRating\LttfRating.csproj", "{02EEC15F-386B-4227-91D7-8065495FC791}"
EndProject
Project("{2150E333-8FDC-42A3-9474-1A3956D46DE8}") = "Solution Items", "Solution Items", "{032623B4-00DD-4904-AA73-6F04886B58B8}"
	ProjectSection(SolutionItems) = preProject
		docker-compose.yml = docker-compose.yml
	EndProjectSection
EndProject
Project("{FAE04EC0-301F-11D3-BF4B-00C04F79EFBC}") = "Domain", "Domain\Domain.csproj", "{9DF72C4A-304A-4247-AE65-9F06F54A87B4}"
EndProject
Project("{FAE04EC0-301F-11D3-BF4B-00C04F79EFBC}") = "DbMigration", "DbMigration\DbMigration.csproj", "{DCC0BD2A-58EE-47BA-ADE1-1F55BAAECC30}"
EndProject
Project("{FAE04EC0-301F-11D3-BF4B-00C04F79EFBC}") = "Common", "Common\Common.csproj", "{700686DA-BE3D-4CF3-9993-C87C6B417DAE}"
EndProject
Global
	GlobalSection(SolutionConfigurationPlatforms) = preSolution
		Debug|Any CPU = Debug|Any CPU
		Release|Any CPU = Release|Any CPU
	EndGlobalSection
	GlobalSection(ProjectConfigurationPlatforms) = postSolution
		{02EEC15F-386B-4227-91D7-8065495FC791}.Debug|Any CPU.ActiveCfg = Debug|Any CPU
		{02EEC15F-386B-4227-91D7-8065495FC791}.Debug|Any CPU.Build.0 = Debug|Any CPU
		{02EEC15F-386B-4227-91D7-8065495FC791}.Release|Any CPU.ActiveCfg = Release|Any CPU
		{02EEC15F-386B-4227-91D7-8065495FC791}.Release|Any CPU.Build.0 = Release|Any CPU
		{9DF72C4A-304A-4247-AE65-9F06F54A87B4}.Debug|Any CPU.ActiveCfg = Debug|Any CPU
		{9DF72C4A-304A-4247-AE65-9F06F54A87B4}.Debug|Any CPU.Build.0 = Debug|Any CPU
		{9DF72C4A-304A-4247-AE65-9F06F54A87B4}.Release|Any CPU.ActiveCfg = Release|Any CPU
		{9DF72C4A-304A-4247-AE65-9F06F54A87B4}.Release|Any CPU.Build.0 = Release|Any CPU
		{DCC0BD2A-58EE-47BA-ADE1-1F55BAAECC30}.Debug|Any CPU.ActiveCfg = Debug|Any CPU
		{DCC0BD2A-58EE-47BA-ADE1-1F55BAAECC30}.Debug|Any CPU.Build.0 = Debug|Any CPU
		{DCC0BD2A-58EE-47BA-ADE1-1F55BAAECC30}.Release|Any CPU.ActiveCfg = Release|Any CPU
		{DCC0BD2A-58EE-47BA-ADE1-1F55BAAECC30}.Release|Any CPU.Build.0 = Release|Any CPU
		{700686DA-BE3D-4CF3-9993-C87C6B417DAE}.Debug|Any CPU.ActiveCfg = Debug|Any CPU
		{700686DA-BE3D-4CF3-9993-C87C6B417DAE}.Debug|Any CPU.Build.0 = Debug|Any CPU
		{700686DA-BE3D-4CF3-9993-C87C6B417DAE}.Release|Any CPU.ActiveCfg = Release|Any CPU
		{700686DA-BE3D-4CF3-9993-C87C6B417DAE}.Release|Any CPU.Build.0 = Release|Any CPU
	EndGlobalSection
EndGlobal
